
Microsoft Visual Studio Solution File, Format Version 12.00
# Visual Studio Version 16
VisualStudioVersion = 16.0.31025.194
MinimumVisualStudioVersion = 10.0.40219.1
Project("{9A19103F-16F7-4668-BE54-9A1E7A4F7556}") = "Recaptcha.Verify.Net", "ReCaptcha.Verify.Net\Recaptcha.Verify.Net.csproj", "{9AA8EA96-1D15-42C9-9FC7-5E5E91E3770C}"
EndProject
Project("{9A19103F-16F7-4668-BE54-9A1E7A4F7556}") = "Recaptcha.Verify.Net.ConsoleApp", "Recaptcha.Verify.Net.ConsoleApp\Recaptcha.Verify.Net.ConsoleApp.csproj", "{8C99E79D-0F94-498C-B67C-92C2B51237B5}"
EndProject
Project("{FAE04EC0-301F-11D3-BF4B-00C04F79EFBC}") = "Recaptcha.Verify.Net.AspNetCoreAngular", "Recaptcha.Verify.Net.AspNetCoreAngular\Recaptcha.Verify.Net.AspNetCoreAngular.csproj", "{C33E7C48-C7D0-4B0C-B965-4EA173915048}"
EndProject
Global
	GlobalSection(SolutionConfigurationPlatforms) = preSolution
		Debug|Any CPU = Debug|Any CPU
		Release|Any CPU = Release|Any CPU
	EndGlobalSection
	GlobalSection(ProjectConfigurationPlatforms) = postSolution
		{9AA8EA96-1D15-42C9-9FC7-5E5E91E3770C}.Debug|Any CPU.ActiveCfg = Debug|Any CPU
		{9AA8EA96-1D15-42C9-9FC7-5E5E91E3770C}.Debug|Any CPU.Build.0 = Debug|Any CPU
		{9AA8EA96-1D15-42C9-9FC7-5E5E91E3770C}.Release|Any CPU.ActiveCfg = Release|Any CPU
		{9AA8EA96-1D15-42C9-9FC7-5E5E91E3770C}.Release|Any CPU.Build.0 = Release|Any CPU
		{8C99E79D-0F94-498C-B67C-92C2B51237B5}.Debug|Any CPU.ActiveCfg = Debug|Any CPU
		{8C99E79D-0F94-498C-B67C-92C2B51237B5}.Debug|Any CPU.Build.0 = Debug|Any CPU
		{8C99E79D-0F94-498C-B67C-92C2B51237B5}.Release|Any CPU.ActiveCfg = Release|Any CPU
		{8C99E79D-0F94-498C-B67C-92C2B51237B5}.Release|Any CPU.Build.0 = Release|Any CPU
		{C33E7C48-C7D0-4B0C-B965-4EA173915048}.Debug|Any CPU.ActiveCfg = Debug|Any CPU
		{C33E7C48-C7D0-4B0C-B965-4EA173915048}.Debug|Any CPU.Build.0 = Debug|Any CPU
		{C33E7C48-C7D0-4B0C-B965-4EA173915048}.Release|Any CPU.ActiveCfg = Release|Any CPU
		{C33E7C48-C7D0-4B0C-B965-4EA173915048}.Release|Any CPU.Build.0 = Release|Any CPU
	EndGlobalSection
	GlobalSection(SolutionProperties) = preSolution
		HideSolutionNode = FALSE
	EndGlobalSection
	GlobalSection(ExtensibilityGlobals) = postSolution
		SolutionGuid = {3F5863C1-277E-45D7-8291-6D99F16CBDA0}
	EndGlobalSection
EndGlobal
